
Microsoft Visual Studio Solution File, Format Version 12.00
# Visual Studio Version 16
VisualStudioVersion = 16.0.34601.136
MinimumVisualStudioVersion = 10.0.40219.1
Project("{FAE04EC0-301F-11D3-BF4B-00C04F79EFBC}") = "oops", "oops.csproj", "{7AEB535B-8ACC-4ED1-86F1-2E51A3C34115}"
EndProject
Global
	GlobalSection(SolutionConfigurationPlatforms) = preSolution
		Debug|Any CPU = Debug|Any CPU
		Release|Any CPU = Release|Any CPU
	EndGlobalSection
	GlobalSection(ProjectConfigurationPlatforms) = postSolution
		{7AEB535B-8ACC-4ED1-86F1-2E51A3C34115}.Debug|Any CPU.ActiveCfg = Debug|Any CPU
		{7AEB535B-8ACC-4ED1-86F1-2E51A3C34115}.Debug|Any CPU.Build.0 = Debug|Any CPU
		{7AEB535B-8ACC-4ED1-86F1-2E51A3C34115}.Release|Any CPU.ActiveCfg = Release|Any CPU
		{7AEB535B-8ACC-4ED1-86F1-2E51A3C34115}.Release|Any CPU.Build.0 = Release|Any CPU
	EndGlobalSection
	GlobalSection(SolutionProperties) = preSolution
		HideSolutionNode = FALSE
	EndGlobalSection
	GlobalSection(ExtensibilityGlobals) = postSolution
		SolutionGuid = {74CC4443-912F-49DB-ADB0-8607E1C2134B}
	EndGlobalSection
EndGlobal
